
Microsoft Visual Studio Solution File, Format Version 12.00
# Visual Studio 14
VisualStudioVersion = 14.0.25420.1
MinimumVisualStudioVersion = 10.0.40219.1
Project("{FAE04EC0-301F-11D3-BF4B-00C04F79EFBC}") = "RDA.Angular", "RDA.Angular\RDA.Angular.csproj", "{9730E559-B14E-414B-A08E-E408E18CCF39}"
EndProject
Project("{FAE04EC0-301F-11D3-BF4B-00C04F79EFBC}") = "RDA.Angular.Tests", "RDA.Angular.Tests\RDA.Angular.Tests.csproj", "{7C945AF8-CCFD-4D3C-BAA7-225BF88A85B6}"
EndProject
Global
	GlobalSection(SolutionConfigurationPlatforms) = preSolution
		Debug|Any CPU = Debug|Any CPU
		Release|Any CPU = Release|Any CPU
	EndGlobalSection
	GlobalSection(ProjectConfigurationPlatforms) = postSolution
		{9730E559-B14E-414B-A08E-E408E18CCF39}.Debug|Any CPU.ActiveCfg = Debug|Any CPU
		{9730E559-B14E-414B-A08E-E408E18CCF39}.Debug|Any CPU.Build.0 = Debug|Any CPU
		{9730E559-B14E-414B-A08E-E408E18CCF39}.Release|Any CPU.ActiveCfg = Release|Any CPU
		{9730E559-B14E-414B-A08E-E408E18CCF39}.Release|Any CPU.Build.0 = Release|Any CPU
		{7C945AF8-CCFD-4D3C-BAA7-225BF88A85B6}.Debug|Any CPU.ActiveCfg = Debug|Any CPU
		{7C945AF8-CCFD-4D3C-BAA7-225BF88A85B6}.Debug|Any CPU.Build.0 = Debug|Any CPU
		{7C945AF8-CCFD-4D3C-BAA7-225BF88A85B6}.Release|Any CPU.ActiveCfg = Release|Any CPU
		{7C945AF8-CCFD-4D3C-BAA7-225BF88A85B6}.Release|Any CPU.Build.0 = Release|Any CPU
	EndGlobalSection
	GlobalSection(SolutionProperties) = preSolution
		HideSolutionNode = FALSE
	EndGlobalSection
EndGlobal
